
Microsoft Visual Studio Solution File, Format Version 12.00
# Visual Studio Version 16
VisualStudioVersion = 16.0.31321.278
MinimumVisualStudioVersion = 10.0.40219.1
Project("{2150E333-8FDC-42A3-9474-1A3956D46DE8}") = "Application", "Application", "{0D22CFF8-22F0-416A-AB8C-C9DAD98EC188}"
EndProject
Project("{2150E333-8FDC-42A3-9474-1A3956D46DE8}") = "Domain", "Domain", "{61331591-AA6C-4620-AD27-BB716DF63E59}"
EndProject
Project("{2150E333-8FDC-42A3-9474-1A3956D46DE8}") = "Infra.Data", "Infra.Data", "{FB979E92-EEB6-4677-BAAF-FA1DF008A261}"
EndProject
Project("{2150E333-8FDC-42A3-9474-1A3956D46DE8}") = "Infra.IoC", "Infra.IoC", "{29E97D18-8A1E-4BAF-ACF9-9B8F07007F62}"
EndProject
Project("{2150E333-8FDC-42A3-9474-1A3956D46DE8}") = "Presentation", "Presentation", "{2875F448-4703-4731-9F41-112EB08A7794}"
EndProject
Project("{FAE04EC0-301F-11D3-BF4B-00C04F79EFBC}") = "CleanArch.Mvc", "CleanArch.Mvc\CleanArch.Mvc.csproj", "{45E7EAA8-0F83-4A61-BD89-61CF9C52B3EC}"
EndProject
Global
	GlobalSection(SolutionConfigurationPlatforms) = preSolution
		Debug|Any CPU = Debug|Any CPU
		Release|Any CPU = Release|Any CPU
	EndGlobalSection
	GlobalSection(ProjectConfigurationPlatforms) = postSolution
		{45E7EAA8-0F83-4A61-BD89-61CF9C52B3EC}.Debug|Any CPU.ActiveCfg = Debug|Any CPU
		{45E7EAA8-0F83-4A61-BD89-61CF9C52B3EC}.Debug|Any CPU.Build.0 = Debug|Any CPU
		{45E7EAA8-0F83-4A61-BD89-61CF9C52B3EC}.Release|Any CPU.ActiveCfg = Release|Any CPU
		{45E7EAA8-0F83-4A61-BD89-61CF9C52B3EC}.Release|Any CPU.Build.0 = Release|Any CPU
	EndGlobalSection
	GlobalSection(SolutionProperties) = preSolution
		HideSolutionNode = FALSE
	EndGlobalSection
	GlobalSection(NestedProjects) = preSolution
		{45E7EAA8-0F83-4A61-BD89-61CF9C52B3EC} = {2875F448-4703-4731-9F41-112EB08A7794}
	EndGlobalSection
	GlobalSection(ExtensibilityGlobals) = postSolution
		SolutionGuid = {AA903D84-2397-446B-8CB5-9BB6BF47029A}
	EndGlobalSection
EndGlobal
